// !$*UTF8*$!
{
	archiveVersion = 1;
	classes = {
	};
	objectVersion = 56;
	objects = {

/* Begin PBXBuildFile section */
		A0743DAA29BDFB0200CEDAF9 /* LittleLemonRestaurantApp.swift in Sources */ = {isa = PBXBuildFile; fileRef = A0743DA929BDFB0200CEDAF9 /* LittleLemonRestaurantApp.swift */; };
		A0743DAC29BDFB0200CEDAF9 /* ContentView.swift in Sources */ = {isa = PBXBuildFile; fileRef = A0743DAB29BDFB0200CEDAF9 /* ContentView.swift */; };
		A0743DAE29BDFB0300CEDAF9 /* Assets.xcassets in Resources */ = {isa = PBXBuildFile; fileRef = A0743DAD29BDFB0300CEDAF9 /* Assets.xcassets */; };
		A0743DB229BDFB0300CEDAF9 /* Preview Assets.xcassets in Resources */ = {isa = PBXBuildFile; fileRef = A0743DB129BDFB0300CEDAF9 /* Preview Assets.xcassets */; };
		A0743DB929BDFCA700CEDAF9 /* MainView.swift in Sources */ = {isa = PBXBuildFile; fileRef = A0743DB829BDFCA700CEDAF9 /* MainView.swift */; };
		A0743DBB29BDFF8500CEDAF9 /* LocationsView.swift in Sources */ = {isa = PBXBuildFile; fileRef = A0743DBA29BDFF8500CEDAF9 /* LocationsView.swift */; };
		A0743DBE29BE0E6500CEDAF9 /* LocationsModel.swift in Sources */ = {isa = PBXBuildFile; fileRef = A0743DBD29BE0E6500CEDAF9 /* LocationsModel.swift */; };
		A0743DC229BE14BC00CEDAF9 /* ReservationForm.swift in Sources */ = {isa = PBXBuildFile; fileRef = A0743DC129BE14BC00CEDAF9 /* ReservationForm.swift */; };
		A0743DC429BE16DD00CEDAF9 /* RestaurantDetailView.swift in Sources */ = {isa = PBXBuildFile; fileRef = A0743DC329BE16DD00CEDAF9 /* RestaurantDetailView.swift */; };
		A0743DC829BE1F0B00CEDAF9 /* ReservationsModel.swift in Sources */ = {isa = PBXBuildFile; fileRef = A0743DC729BE1F0B00CEDAF9 /* ReservationsModel.swift */; };
		A0743DCA29BE2FB200CEDAF9 /* ReservationsView.swift in Sources */ = {isa = PBXBuildFile; fileRef = A0743DC929BE2FB200CEDAF9 /* ReservationsView.swift */; };
		A0743DCC29BE46EC00CEDAF9 /* LittleLemonLogoView.swift in Sources */ = {isa = PBXBuildFile; fileRef = A0743DCB29BE46EC00CEDAF9 /* LittleLemonLogoView.swift */; };
		A0743DCE29BE4DCE00CEDAF9 /* ReservationDetailsView.swift in Sources */ = {isa = PBXBuildFile; fileRef = A0743DCD29BE4DCE00CEDAF9 /* ReservationDetailsView.swift */; };
/* End PBXBuildFile section */

/* Begin PBXFileReference section */
		A0743DA629BDFB0200CEDAF9 /* LittleLemonRestaurant.app */ = {isa = PBXFileReference; explicitFileType = wrapper.application; includeInIndex = 0; path = LittleLemonRestaurant.app; sourceTree = BUILT_PRODUCTS_DIR; };
		A0743DA929BDFB0200CEDAF9 /* LittleLemonRestaurantApp.swift */ = {isa = PBXFileReference; lastKnownFileType = sourcecode.swift; path = LittleLemonRestaurantApp.swift; sourceTree = "<group>"; };
		A0743DAB29BDFB0200CEDAF9 /* ContentView.swift */ = {isa = PBXFileReference; lastKnownFileType = sourcecode.swift; path = ContentView.swift; sourceTree = "<group>"; };
		A0743DAD29BDFB0300CEDAF9 /* Assets.xcassets */ = {isa = PBXFileReference; lastKnownFileType = folder.assetcatalog; path = Assets.xcassets; sourceTree = "<group>"; };
		A0743DAF29BDFB0300CEDAF9 /* LittleLemonRestaurant.entitlements */ = {isa = PBXFileReference; lastKnownFileType = text.plist.entitlements; path = LittleLemonRestaurant.entitlements; sourceTree = "<group>"; };
		A0743DB129BDFB0300CEDAF9 /* Preview Assets.xcassets */ = {isa = PBXFileReference; lastKnownFileType = folder.assetcatalog; path = "Preview Assets.xcassets"; sourceTree = "<group>"; };
		A0743DB829BDFCA700CEDAF9 /* MainView.swift */ = {isa = PBXFileReference; lastKnownFileType = sourcecode.swift; path = MainView.swift; sourceTree = "<group>"; };
		A0743DBA29BDFF8500CEDAF9 /* LocationsView.swift */ = {isa = PBXFileReference; lastKnownFileType = sourcecode.swift; path = LocationsView.swift; sourceTree = "<group>"; };
		A0743DBD29BE0E6500CEDAF9 /* LocationsModel.swift */ = {isa = PBXFileReference; lastKnownFileType = sourcecode.swift; path = LocationsModel.swift; sourceTree = "<group>"; };
		A0743DC129BE14BC00CEDAF9 /* ReservationForm.swift */ = {isa = PBXFileReference; lastKnownFileType = sourcecode.swift; path = ReservationForm.swift; sourceTree = "<group>"; };
		A0743DC329BE16DD00CEDAF9 /* RestaurantDetailView.swift */ = {isa = PBXFileReference; lastKnownFileType = sourcecode.swift; path = RestaurantDetailView.swift; sourceTree = "<group>"; };
		A0743DC729BE1F0B00CEDAF9 /* ReservationsModel.swift */ = {isa = PBXFileReference; lastKnownFileType = sourcecode.swift; path = ReservationsModel.swift; sourceTree = "<group>"; };
		A0743DC929BE2FB200CEDAF9 /* ReservationsView.swift */ = {isa = PBXFileReference; lastKnownFileType = sourcecode.swift; path = ReservationsView.swift; sourceTree = "<group>"; };
		A0743DCB29BE46EC00CEDAF9 /* LittleLemonLogoView.swift */ = {isa = PBXFileReference; lastKnownFileType = sourcecode.swift; path = LittleLemonLogoView.swift; sourceTree = "<group>"; };
		A0743DCD29BE4DCE00CEDAF9 /* ReservationDetailsView.swift */ = {isa = PBXFileReference; lastKnownFileType = sourcecode.swift; path = ReservationDetailsView.swift; sourceTree = "<group>"; };
/* End PBXFileReference section */

/* Begin PBXFrameworksBuildPhase section */
		A0743DA329BDFB0200CEDAF9 /* Frameworks */ = {
			isa = PBXFrameworksBuildPhase;
			buildActionMask = 2147483647;
			files = (
			);
			runOnlyForDeploymentPostprocessing = 0;
		};
/* End PBXFrameworksBuildPhase section */

/* Begin PBXGroup section */
		A0743D9D29BDFB0200CEDAF9 = {
			isa = PBXGroup;
			children = (
				A0743DA829BDFB0200CEDAF9 /* LittleLemonRestaurant */,
				A0743DA729BDFB0200CEDAF9 /* Products */,
			);
			sourceTree = "<group>";
		};
		A0743DA729BDFB0200CEDAF9 /* Products */ = {
			isa = PBXGroup;
			children = (
				A0743DA629BDFB0200CEDAF9 /* LittleLemonRestaurant.app */,
			);
			name = Products;
			sourceTree = "<group>";
		};
		A0743DA829BDFB0200CEDAF9 /* LittleLemonRestaurant */ = {
			isa = PBXGroup;
			children = (
				A0743DBC29BE00F700CEDAF9 /* Models */,
				A0743DA929BDFB0200CEDAF9 /* LittleLemonRestaurantApp.swift */,
				A0743DCD29BE4DCE00CEDAF9 /* ReservationDetailsView.swift */,
				A0743DCB29BE46EC00CEDAF9 /* LittleLemonLogoView.swift */,
				A0743DC929BE2FB200CEDAF9 /* ReservationsView.swift */,
				A0743DC329BE16DD00CEDAF9 /* RestaurantDetailView.swift */,
				A0743DC129BE14BC00CEDAF9 /* ReservationForm.swift */,
				A0743DB829BDFCA700CEDAF9 /* MainView.swift */,
				A0743DBA29BDFF8500CEDAF9 /* LocationsView.swift */,
				A0743DAB29BDFB0200CEDAF9 /* ContentView.swift */,
				A0743DAD29BDFB0300CEDAF9 /* Assets.xcassets */,
				A0743DAF29BDFB0300CEDAF9 /* LittleLemonRestaurant.entitlements */,
				A0743DB029BDFB0300CEDAF9 /* Preview Content */,
			);
			path = LittleLemonRestaurant;
			sourceTree = "<group>";
		};
		A0743DB029BDFB0300CEDAF9 /* Preview Content */ = {
			isa = PBXGroup;
			children = (
				A0743DB129BDFB0300CEDAF9 /* Preview Assets.xcassets */,
			);
			path = "Preview Content";
			sourceTree = "<group>";
		};
		A0743DBC29BE00F700CEDAF9 /* Models */ = {
			isa = PBXGroup;
			children = (
				A0743DBD29BE0E6500CEDAF9 /* LocationsModel.swift */,
				A0743DC729BE1F0B00CEDAF9 /* ReservationsModel.swift */,
			);
			path = Models;
			sourceTree = "<group>";
		};
/* End PBXGroup section */

/* Begin PBXNativeTarget section */
		A0743DA529BDFB0200CEDAF9 /* LittleLemonRestaurant */ = {
			isa = PBXNativeTarget;
			buildConfigurationList = A0743DB529BDFB0300CEDAF9 /* Build configuration list for PBXNativeTarget "LittleLemonRestaurant" */;
			buildPhases = (
				A0743DA229BDFB0200CEDAF9 /* Sources */,
				A0743DA329BDFB0200CEDAF9 /* Frameworks */,
				A0743DA429BDFB0200CEDAF9 /* Resources */,
			);
			buildRules = (
			);
			dependencies = (
			);
			name = LittleLemonRestaurant;
			productName = LittleLemonRestaurant;
			productReference = A0743DA629BDFB0200CEDAF9 /* LittleLemonRestaurant.app */;
			productType = "com.apple.product-type.application";
		};
/* End PBXNativeTarget section */

/* Begin PBXProject section */
		A0743D9E29BDFB0200CEDAF9 /* Project object */ = {
			isa = PBXProject;
			attributes = {
				BuildIndependentTargetsInParallel = 1;
				LastSwiftUpdateCheck = 1420;
				LastUpgradeCheck = 1420;
				TargetAttributes = {
					A0743DA529BDFB0200CEDAF9 = {
						CreatedOnToolsVersion = 14.2;
					};
				};
			};
			buildConfigurationList = A0743DA129BDFB0200CEDAF9 /* Build configuration list for PBXProject "LittleLemonRestaurant" */;
			compatibilityVersion = "Xcode 14.0";
			developmentRegion = en;
			hasScannedForEncodings = 0;
			knownRegions = (
				en,
				Base,
			);
			mainGroup = A0743D9D29BDFB0200CEDAF9;
			productRefGroup = A0743DA729BDFB0200CEDAF9 /* Products */;
			projectDirPath = "";
			projectRoot = "";
			targets = (
				A0743DA529BDFB0200CEDAF9 /* LittleLemonRestaurant */,
			);
		};
/* End PBXProject section */

/* Begin PBXResourcesBuildPhase section */
		A0743DA429BDFB0200CEDAF9 /* Resources */ = {
			isa = PBXResourcesBuildPhase;
			buildActionMask = 2147483647;
			files = (
				A0743DB229BDFB0300CEDAF9 /* Preview Assets.xcassets in Resources */,
				A0743DAE29BDFB0300CEDAF9 /* Assets.xcassets in Resources */,
			);
			runOnlyForDeploymentPostprocessing = 0;
		};
/* End PBXResourcesBuildPhase section */

/* Begin PBXSourcesBuildPhase section */
		A0743DA229BDFB0200CEDAF9 /* Sources */ = {
			isa = PBXSourcesBuildPhase;
			buildActionMask = 2147483647;
			files = (
				A0743DC829BE1F0B00CEDAF9 /* ReservationsModel.swift in Sources */,
				A0743DBE29BE0E6500CEDAF9 /* LocationsModel.swift in Sources */,
				A0743DC429BE16DD00CEDAF9 /* RestaurantDetailView.swift in Sources */,
				A0743DCA29BE2FB200CEDAF9 /* ReservationsView.swift in Sources */,
				A0743DCE29BE4DCE00CEDAF9 /* ReservationDetailsView.swift in Sources */,
				A0743DAC29BDFB0200CEDAF9 /* ContentView.swift in Sources */,
				A0743DCC29BE46EC00CEDAF9 /* LittleLemonLogoView.swift in Sources */,
				A0743DC229BE14BC00CEDAF9 /* ReservationForm.swift in Sources */,
				A0743DBB29BDFF8500CEDAF9 /* LocationsView.swift in Sources */,
				A0743DB929BDFCA700CEDAF9 /* MainView.swift in Sources */,
				A0743DAA29BDFB0200CEDAF9 /* LittleLemonRestaurantApp.swift in Sources */,
			);
			runOnlyForDeploymentPostprocessing = 0;
		};
/* End PBXSourcesBuildPhase section */

/* Begin XCBuildConfiguration section */
		A0743DB329BDFB0300CEDAF9 /* Debug */ = {
			isa = XCBuildConfiguration;
			buildSettings = {
				ALWAYS_SEARCH_USER_PATHS = NO;
				CLANG_ANALYZER_NONNULL = YES;
				CLANG_ANALYZER_NUMBER_OBJECT_CONVERSION = YES_AGGRESSIVE;
				CLANG_CXX_LANGUAGE_STANDARD = "gnu++20";
				CLANG_ENABLE_MODULES = YES;
				CLANG_ENABLE_OBJC_ARC = YES;
				CLANG_ENABLE_OBJC_WEAK = YES;
				CLANG_WARN_BLOCK_CAPTURE_AUTORELEASING = YES;
				CLANG_WARN_BOOL_CONVERSION = YES;
				CLANG_WARN_COMMA = YES;
				CLANG_WARN_CONSTANT_CONVERSION = YES;
				CLANG_WARN_DEPRECATED_OBJC_IMPLEMENTATIONS = YES;
				CLANG_WARN_DIRECT_OBJC_ISA_USAGE = YES_ERROR;
				CLANG_WARN_DOCUMENTATION_COMMENTS = YES;
				CLANG_WARN_EMPTY_BODY = YES;
				CLANG_WARN_ENUM_CONVERSION = YES;
				CLANG_WARN_INFINITE_RECURSION = YES;
				CLANG_WARN_INT_CONVERSION = YES;
				CLANG_WARN_NON_LITERAL_NULL_CONVERSION = YES;
				CLANG_WARN_OBJC_IMPLICIT_RETAIN_SELF = YES;
				CLANG_WARN_OBJC_LITERAL_CONVERSION = YES;
				CLANG_WARN_OBJC_ROOT_CLASS = YES_ERROR;
				CLANG_WARN_QUOTED_INCLUDE_IN_FRAMEWORK_HEADER = YES;
				CLANG_WARN_RANGE_LOOP_ANALYSIS = YES;
				CLANG_WARN_STRICT_PROTOTYPES = YES;
				CLANG_WARN_SUSPICIOUS_MOVE = YES;
				CLANG_WARN_UNGUARDED_AVAILABILITY = YES_AGGRESSIVE;
				CLANG_WARN_UNREACHABLE_CODE = YES;
				CLANG_WARN__DUPLICATE_METHOD_MATCH = YES;
				COPY_PHASE_STRIP = NO;
				DEBUG_INFORMATION_FORMAT = dwarf;
				ENABLE_STRICT_OBJC_MSGSEND = YES;
				ENABLE_TESTABILITY = YES;
				GCC_C_LANGUAGE_STANDARD = gnu11;
				GCC_DYNAMIC_NO_PIC = NO;
				GCC_NO_COMMON_BLOCKS = YES;
				GCC_OPTIMIZATION_LEVEL = 0;
				GCC_PREPROCESSOR_DEFINITIONS = (
					"DEBUG=1",
					"$(inherited)",
				);
				GCC_WARN_64_TO_32_BIT_CONVERSION = YES;
				GCC_WARN_ABOUT_RETURN_TYPE = YES_ERROR;
				GCC_WARN_UNDECLARED_SELECTOR = YES;
				GCC_WARN_UNINITIALIZED_AUTOS = YES_AGGRESSIVE;
				GCC_WARN_UNUSED_FUNCTION = YES;
				GCC_WARN_UNUSED_VARIABLE = YES;
				MTL_ENABLE_DEBUG_INFO = INCLUDE_SOURCE;
				MTL_FAST_MATH = YES;
				ONLY_ACTIVE_ARCH = YES;
				SWIFT_ACTIVE_COMPILATION_CONDITIONS = DEBUG;
				SWIFT_OPTIMIZATION_LEVEL = "-Onone";
			};
			name = Debug;
		};
		A0743DB429BDFB0300CEDAF9 /* Release */ = {
			isa = XCBuildConfiguration;
			buildSettings = {
				ALWAYS_SEARCH_USER_PATHS = NO;
				CLANG_ANALYZER_NONNULL = YES;
				CLANG_ANALYZER_NUMBER_OBJECT_CONVERSION = YES_AGGRESSIVE;
				CLANG_CXX_LANGUAGE_STANDARD = "gnu++20";
				CLANG_ENABLE_MODULES = YES;
				CLANG_ENABLE_OBJC_ARC = YES;
				CLANG_ENABLE_OBJC_WEAK = YES;
				CLANG_WARN_BLOCK_CAPTURE_AUTORELEASING = YES;
				CLANG_WARN_BOOL_CONVERSION = YES;
				CLANG_WARN_COMMA = YES;
				CLANG_WARN_CONSTANT_CONVERSION = YES;
				CLANG_WARN_DEPRECATED_OBJC_IMPLEMENTATIONS = YES;
				CLANG_WARN_DIRECT_OBJC_ISA_USAGE = YES_ERROR;
				CLANG_WARN_DOCUMENTATION_COMMENTS = YES;
				CLANG_WARN_EMPTY_BODY = YES;
				CLANG_WARN_ENUM_CONVERSION = YES;
				CLANG_WARN_INFINITE_RECURSION = YES;
				CLANG_WARN_INT_CONVERSION = YES;
				CLANG_WARN_NON_LITERAL_NULL_CONVERSION = YES;
				CLANG_WARN_OBJC_IMPLICIT_RETAIN_SELF = YES;
				CLANG_WARN_OBJC_LITERAL_CONVERSION = YES;
				CLANG_WARN_OBJC_ROOT_CLASS = YES_ERROR;
				CLANG_WARN_QUOTED_INCLUDE_IN_FRAMEWORK_HEADER = YES;
				CLANG_WARN_RANGE_LOOP_ANALYSIS = YES;
				CLANG_WARN_STRICT_PROTOTYPES = YES;
				CLANG_WARN_SUSPICIOUS_MOVE = YES;
				CLANG_WARN_UNGUARDED_AVAILABILITY = YES_AGGRESSIVE;
				CLANG_WARN_UNREACHABLE_CODE = YES;
				CLANG_WARN__DUPLICATE_METHOD_MATCH = YES;
				COPY_PHASE_STRIP = NO;
				DEBUG_INFORMATION_FORMAT = "dwarf-with-dsym";
				ENABLE_NS_ASSERTIONS = NO;
				ENABLE_STRICT_OBJC_MSGSEND = YES;
				GCC_C_LANGUAGE_STANDARD = gnu11;
				GCC_NO_COMMON_BLOCKS = YES;
				GCC_WARN_64_TO_32_BIT_CONVERSION = YES;
				GCC_WARN_ABOUT_RETURN_TYPE = YES_ERROR;
				GCC_WARN_UNDECLARED_SELECTOR = YES;
				GCC_WARN_UNINITIALIZED_AUTOS = YES_AGGRESSIVE;
				GCC_WARN_UNUSED_FUNCTION = YES;
				GCC_WARN_UNUSED_VARIABLE = YES;
				MTL_ENABLE_DEBUG_INFO = NO;
				MTL_FAST_MATH = YES;
				SWIFT_COMPILATION_MODE = wholemodule;
				SWIFT_OPTIMIZATION_LEVEL = "-O";
			};
			name = Release;
		};
		A0743DB629BDFB0300CEDAF9 /* Debug */ = {
			isa = XCBuildConfiguration;
			buildSettings = {
				ASSETCATALOG_COMPILER_APPICON_NAME = AppIcon;
				ASSETCATALOG_COMPILER_GLOBAL_ACCENT_COLOR_NAME = AccentColor;
				CODE_SIGN_ENTITLEMENTS = LittleLemonRestaurant/LittleLemonRestaurant.entitlements;
				CODE_SIGN_STYLE = Automatic;
				CURRENT_PROJECT_VERSION = 1;
				DEVELOPMENT_ASSET_PATHS = "\"LittleLemonRestaurant/Preview Content\"";
				DEVELOPMENT_TEAM = XTYT46W6B7;
				ENABLE_HARDENED_RUNTIME = YES;
				ENABLE_PREVIEWS = YES;
				GENERATE_INFOPLIST_FILE = YES;
				"INFOPLIST_KEY_UIApplicationSceneManifest_Generation[sdk=iphoneos*]" = YES;
				"INFOPLIST_KEY_UIApplicationSceneManifest_Generation[sdk=iphonesimulator*]" = YES;
				"INFOPLIST_KEY_UIApplicationSupportsIndirectInputEvents[sdk=iphoneos*]" = YES;
				"INFOPLIST_KEY_UIApplicationSupportsIndirectInputEvents[sdk=iphonesimulator*]" = YES;
				"INFOPLIST_KEY_UILaunchScreen_Generation[sdk=iphoneos*]" = YES;
				"INFOPLIST_KEY_UILaunchScreen_Generation[sdk=iphonesimulator*]" = YES;
				"INFOPLIST_KEY_UIStatusBarStyle[sdk=iphoneos*]" = UIStatusBarStyleDefault;
				"INFOPLIST_KEY_UIStatusBarStyle[sdk=iphonesimulator*]" = UIStatusBarStyleDefault;
				INFOPLIST_KEY_UISupportedInterfaceOrientations_iPad = "UIInterfaceOrientationPortrait UIInterfaceOrientationPortraitUpsideDown UIInterfaceOrientationLandscapeLeft UIInterfaceOrientationLandscapeRight";
				INFOPLIST_KEY_UISupportedInterfaceOrientations_iPhone = "UIInterfaceOrientationPortrait UIInterfaceOrientationLandscapeLeft UIInterfaceOrientationLandscapeRight";
				IPHONEOS_DEPLOYMENT_TARGET = 16.2;
				LD_RUNPATH_SEARCH_PATHS = "@executable_path/Frameworks";
				"LD_RUNPATH_SEARCH_PATHS[sdk=macosx*]" = "@executable_path/../Frameworks";
				MACOSX_DEPLOYMENT_TARGET = 13.1;
				MARKETING_VERSION = 1.0;
				PRODUCT_BUNDLE_IDENTIFIER = com.example.LittleLemonRestaurant;
				PRODUCT_NAME = "$(TARGET_NAME)";
				SDKROOT = auto;
				SUPPORTED_PLATFORMS = "iphoneos iphonesimulator macosx";
				SWIFT_EMIT_LOC_STRINGS = YES;
				SWIFT_VERSION = 5.0;
				TARGETED_DEVICE_FAMILY = "1,2";
			};
			name = Debug;
		};
		A0743DB729BDFB0300CEDAF9 /* Release */ = {
			isa = XCBuildConfiguration;
			buildSettings = {
				ASSETCATALOG_COMPILER_APPICON_NAME = AppIcon;
				ASSETCATALOG_COMPILER_GLOBAL_ACCENT_COLOR_NAME = AccentColor;
				CODE_SIGN_ENTITLEMENTS = LittleLemonRestaurant/LittleLemonRestaurant.entitlements;
				CODE_SIGN_STYLE = Automatic;
				CURRENT_PROJECT_VERSION = 1;
				DEVELOPMENT_ASSET_PATHS = "\"LittleLemonRestaurant/Preview Content\"";
				DEVELOPMENT_TEAM = XTYT46W6B7;
				ENABLE_HARDENED_RUNTIME = YES;
				ENABLE_PREVIEWS = YES;
				GENERATE_INFOPLIST_FILE = YES;
				"INFOPLIST_KEY_UIApplicationSceneManifest_Generation[sdk=iphoneos*]" = YES;
				"INFOPLIST_KEY_UIApplicationSceneManifest_Generation[sdk=iphonesimulator*]" = YES;
				"INFOPLIST_KEY_UIApplicationSupportsIndirectInputEvents[sdk=iphoneos*]" = YES;
				"INFOPLIST_KEY_UIApplicationSupportsIndirectInputEvents[sdk=iphonesimulator*]" = YES;
				"INFOPLIST_KEY_UILaunchScreen_Generation[sdk=iphoneos*]" = YES;
				"INFOPLIST_KEY_UILaunchScreen_Generation[sdk=iphonesimulator*]" = YES;
				"INFOPLIST_KEY_UIStatusBarStyle[sdk=iphoneos*]" = UIStatusBarStyleDefault;
				"INFOPLIST_KEY_UIStatusBarStyle[sdk=iphonesimulator*]" = UIStatusBarStyleDefault;
				INFOPLIST_KEY_UISupportedInterfaceOrientations_iPad = "UIInterfaceOrientationPortrait UIInterfaceOrientationPortraitUpsideDown UIInterfaceOrientationLandscapeLeft UIInterfaceOrientationLandscapeRight";
				INFOPLIST_KEY_UISupportedInterfaceOrientations_iPhone = "UIInterfaceOrientationPortrait UIInterfaceOrientationLandscapeLeft UIInterfaceOrientationLandscapeRight";
				IPHONEOS_DEPLOYMENT_TARGET = 16.2;
				LD_RUNPATH_SEARCH_PATHS = "@executable_path/Frameworks";
				"LD_RUNPATH_SEARCH_PATHS[sdk=macosx*]" = "@executable_path/../Frameworks";
				MACOSX_DEPLOYMENT_TARGET = 13.1;
				MARKETING_VERSION = 1.0;
				PRODUCT_BUNDLE_IDENTIFIER = com.example.LittleLemonRestaurant;
				PRODUCT_NAME = "$(TARGET_NAME)";
				SDKROOT = auto;
				SUPPORTED_PLATFORMS = "iphoneos iphonesimulator macosx";
				SWIFT_EMIT_LOC_STRINGS = YES;
				SWIFT_VERSION = 5.0;
				TARGETED_DEVICE_FAMILY = "1,2";
			};
			name = Release;
		};
/* End XCBuildConfiguration section */

/* Begin XCConfigurationList section */
		A0743DA129BDFB0200CEDAF9 /* Build configuration list for PBXProject "LittleLemonRestaurant" */ = {
			isa = XCConfigurationList;
			buildConfigurations = (
				A0743DB329BDFB0300CEDAF9 /* Debug */,
				A0743DB429BDFB0300CEDAF9 /* Release */,
			);
			defaultConfigurationIsVisible = 0;
			defaultConfigurationName = Release;
		};
		A0743DB529BDFB0300CEDAF9 /* Build configuration list for PBXNativeTarget "LittleLemonRestaurant" */ = {
			isa = XCConfigurationList;
			buildConfigurations = (
				A0743DB629BDFB0300CEDAF9 /* Debug */,
				A0743DB729BDFB0300CEDAF9 /* Release */,
			);
			defaultConfigurationIsVisible = 0;
			defaultConfigurationName = Release;
		};
/* End XCConfigurationList section */
	};
	rootObject = A0743D9E29BDFB0200CEDAF9 /* Project object */;
}
